
Microsoft Visual Studio Solution File, Format Version 12.00
# Visual Studio Version 17
VisualStudioVersion = 17.5.33530.505
MinimumVisualStudioVersion = 10.0.40219.1
Project("{FAE04EC0-301F-11D3-BF4B-00C04F79EFBC}") = "Reverse_Engi", "Reverse_Engi\Reverse_Engi.csproj", "{A2947943-6FFA-4F9A-A600-0B65C1D2A359}"
EndProject
Global
	GlobalSection(SolutionConfigurationPlatforms) = preSolution
		Debug|Any CPU = Debug|Any CPU
		Release|Any CPU = Release|Any CPU
	EndGlobalSection
	GlobalSection(ProjectConfigurationPlatforms) = postSolution
		{A2947943-6FFA-4F9A-A600-0B65C1D2A359}.Debug|Any CPU.ActiveCfg = Debug|Any CPU
		{A2947943-6FFA-4F9A-A600-0B65C1D2A359}.Debug|Any CPU.Build.0 = Debug|Any CPU
		{A2947943-6FFA-4F9A-A600-0B65C1D2A359}.Release|Any CPU.ActiveCfg = Release|Any CPU
		{A2947943-6FFA-4F9A-A600-0B65C1D2A359}.Release|Any CPU.Build.0 = Release|Any CPU
	EndGlobalSection
	GlobalSection(SolutionProperties) = preSolution
		HideSolutionNode = FALSE
	EndGlobalSection
	GlobalSection(ExtensibilityGlobals) = postSolution
		SolutionGuid = {A76648EE-13F4-426E-8171-E3E9AFE0FE42}
	EndGlobalSection
EndGlobal
